
Microsoft Visual Studio Solution File, Format Version 12.00
# Visual Studio Version 16
VisualStudioVersion = 16.0.29613.14
MinimumVisualStudioVersion = 10.0.40219.1
Project("{FAE04EC0-301F-11D3-BF4B-00C04F79EFBC}") = "Library", "Library\Library.csproj", "{6F23F296-630B-4414-A7FF-ED4F090B65F3}"
EndProject
Project("{FAE04EC0-301F-11D3-BF4B-00C04F79EFBC}") = "Theme", "Theme\Theme.csproj", "{957928B4-D511-4D0B-AFEB-33552B139391}"
EndProject
Global
	GlobalSection(SolutionConfigurationPlatforms) = preSolution
		Debug|Any CPU = Debug|Any CPU
		Release|Any CPU = Release|Any CPU
	EndGlobalSection
	GlobalSection(ProjectConfigurationPlatforms) = postSolution
		{6F23F296-630B-4414-A7FF-ED4F090B65F3}.Debug|Any CPU.ActiveCfg = Debug|Any CPU
		{6F23F296-630B-4414-A7FF-ED4F090B65F3}.Debug|Any CPU.Build.0 = Debug|Any CPU
		{6F23F296-630B-4414-A7FF-ED4F090B65F3}.Release|Any CPU.ActiveCfg = Release|Any CPU
		{6F23F296-630B-4414-A7FF-ED4F090B65F3}.Release|Any CPU.Build.0 = Release|Any CPU
		{957928B4-D511-4D0B-AFEB-33552B139391}.Debug|Any CPU.ActiveCfg = Debug|Any CPU
		{957928B4-D511-4D0B-AFEB-33552B139391}.Debug|Any CPU.Build.0 = Debug|Any CPU
		{957928B4-D511-4D0B-AFEB-33552B139391}.Release|Any CPU.ActiveCfg = Release|Any CPU
		{957928B4-D511-4D0B-AFEB-33552B139391}.Release|Any CPU.Build.0 = Release|Any CPU
	EndGlobalSection
	GlobalSection(SolutionProperties) = preSolution
		HideSolutionNode = FALSE
	EndGlobalSection
	GlobalSection(ExtensibilityGlobals) = postSolution
		SolutionGuid = {987C2D9B-0864-4D26-9ACD-85E6E0D6E56A}
	EndGlobalSection
EndGlobal
